
Microsoft Visual Studio Solution File, Format Version 12.00
# Visual Studio Version 17
VisualStudioVersion = 17.11.35312.102
MinimumVisualStudioVersion = 10.0.40219.1
Project("{9A19103F-16F7-4668-BE54-9A1E7A4F7556}") = "RSS2Excel", "RSS2Excel.csproj", "{BC8A18A0-47E4-4F5D-BE51-89CC01014E54}"
EndProject
Project("{9A19103F-16F7-4668-BE54-9A1E7A4F7556}") = "RSSLib", "..\RSSLib\RSSLib.csproj", "{EC6F363A-F21E-4EC1-A864-F3792CE0DD97}"
EndProject
Project("{9A19103F-16F7-4668-BE54-9A1E7A4F7556}") = "ExcelLib2", "..\ExcelLib2\ExcelLib2.csproj", "{7ADAEFAF-23A5-4D9E-9B31-9B894064CAFD}"
EndProject
Project("{FAE04EC0-301F-11D3-BF4B-00C04F79EFBC}") = "RSS2Excel.Tests", "..\RSS2Excel.Tests\RSS2Excel.Tests.csproj", "{F2BF7F13-7066-4B12-B5CE-FC08B0695D54}"
EndProject
Global
	GlobalSection(SolutionConfigurationPlatforms) = preSolution
		Debug|Any CPU = Debug|Any CPU
		Release|Any CPU = Release|Any CPU
	EndGlobalSection
	GlobalSection(ProjectConfigurationPlatforms) = postSolution
		{BC8A18A0-47E4-4F5D-BE51-89CC01014E54}.Debug|Any CPU.ActiveCfg = Debug|Any CPU
		{BC8A18A0-47E4-4F5D-BE51-89CC01014E54}.Debug|Any CPU.Build.0 = Debug|Any CPU
		{BC8A18A0-47E4-4F5D-BE51-89CC01014E54}.Release|Any CPU.ActiveCfg = Release|Any CPU
		{BC8A18A0-47E4-4F5D-BE51-89CC01014E54}.Release|Any CPU.Build.0 = Release|Any CPU
		{EC6F363A-F21E-4EC1-A864-F3792CE0DD97}.Debug|Any CPU.ActiveCfg = Debug|Any CPU
		{EC6F363A-F21E-4EC1-A864-F3792CE0DD97}.Debug|Any CPU.Build.0 = Debug|Any CPU
		{EC6F363A-F21E-4EC1-A864-F3792CE0DD97}.Release|Any CPU.ActiveCfg = Release|Any CPU
		{EC6F363A-F21E-4EC1-A864-F3792CE0DD97}.Release|Any CPU.Build.0 = Release|Any CPU
		{7ADAEFAF-23A5-4D9E-9B31-9B894064CAFD}.Debug|Any CPU.ActiveCfg = Debug|Any CPU
		{7ADAEFAF-23A5-4D9E-9B31-9B894064CAFD}.Debug|Any CPU.Build.0 = Debug|Any CPU
		{7ADAEFAF-23A5-4D9E-9B31-9B894064CAFD}.Release|Any CPU.ActiveCfg = Release|Any CPU
		{7ADAEFAF-23A5-4D9E-9B31-9B894064CAFD}.Release|Any CPU.Build.0 = Release|Any CPU
		{F2BF7F13-7066-4B12-B5CE-FC08B0695D54}.Debug|Any CPU.ActiveCfg = Debug|Any CPU
		{F2BF7F13-7066-4B12-B5CE-FC08B0695D54}.Debug|Any CPU.Build.0 = Debug|Any CPU
		{F2BF7F13-7066-4B12-B5CE-FC08B0695D54}.Release|Any CPU.ActiveCfg = Release|Any CPU
		{F2BF7F13-7066-4B12-B5CE-FC08B0695D54}.Release|Any CPU.Build.0 = Release|Any CPU
	EndGlobalSection
	GlobalSection(SolutionProperties) = preSolution
		HideSolutionNode = FALSE
	EndGlobalSection
	GlobalSection(ExtensibilityGlobals) = postSolution
		SolutionGuid = {11D6ADAD-C7E7-42A5-A5AE-D91104FC60FD}
	EndGlobalSection
EndGlobal
